
Microsoft Visual Studio Solution File, Format Version 12.00
# Visual Studio Version 16
VisualStudioVersion = 16.0.30717.126
MinimumVisualStudioVersion = 10.0.40219.1
Project("{FAE04EC0-301F-11D3-BF4B-00C04F79EFBC}") = "RentalKendaraan_098", "RentalKendaraan_098\RentalKendaraan_098.csproj", "{C92A36E6-2510-48CC-9053-CF1C6BF09BAD}"
EndProject
Global
	GlobalSection(SolutionConfigurationPlatforms) = preSolution
		Debug|Any CPU = Debug|Any CPU
		Release|Any CPU = Release|Any CPU
	EndGlobalSection
	GlobalSection(ProjectConfigurationPlatforms) = postSolution
		{C92A36E6-2510-48CC-9053-CF1C6BF09BAD}.Debug|Any CPU.ActiveCfg = Debug|Any CPU
		{C92A36E6-2510-48CC-9053-CF1C6BF09BAD}.Debug|Any CPU.Build.0 = Debug|Any CPU
		{C92A36E6-2510-48CC-9053-CF1C6BF09BAD}.Release|Any CPU.ActiveCfg = Release|Any CPU
		{C92A36E6-2510-48CC-9053-CF1C6BF09BAD}.Release|Any CPU.Build.0 = Release|Any CPU
	EndGlobalSection
	GlobalSection(SolutionProperties) = preSolution
		HideSolutionNode = FALSE
	EndGlobalSection
	GlobalSection(ExtensibilityGlobals) = postSolution
		SolutionGuid = {A1CE9721-9516-475B-8DBC-AB5D7D14946B}
	EndGlobalSection
EndGlobal
